// !$*UTF8*$!
{
	archiveVersion = 1;
	classes = {
	};
	objectVersion = 46;
	objects = {

/* Begin PBXBuildFile section */
		B29ED0E21A94E2D7005ABADC /* AppDelegate.swift in Sources */ = {isa = PBXBuildFile; fileRef = B29ED0E11A94E2D7005ABADC /* AppDelegate.swift */; };
		B29ED0E51A94E2D7005ABADC /* Pivotal.xcdatamodeld in Sources */ = {isa = PBXBuildFile; fileRef = B29ED0E31A94E2D7005ABADC /* Pivotal.xcdatamodeld */; };
		B29ED0E71A94E2D7005ABADC /* ViewController.swift in Sources */ = {isa = PBXBuildFile; fileRef = B29ED0E61A94E2D7005ABADC /* ViewController.swift */; };
		B29ED0EA1A94E2D7005ABADC /* Main.storyboard in Resources */ = {isa = PBXBuildFile; fileRef = B29ED0E81A94E2D7005ABADC /* Main.storyboard */; };
		B29ED0EC1A94E2D7005ABADC /* Images.xcassets in Resources */ = {isa = PBXBuildFile; fileRef = B29ED0EB1A94E2D7005ABADC /* Images.xcassets */; };
		B29ED0EF1A94E2D7005ABADC /* LaunchScreen.xib in Resources */ = {isa = PBXBuildFile; fileRef = B29ED0ED1A94E2D7005ABADC /* LaunchScreen.xib */; };
		B29ED0FB1A94E2D7005ABADC /* PivotalTests.swift in Sources */ = {isa = PBXBuildFile; fileRef = B29ED0FA1A94E2D7005ABADC /* PivotalTests.swift */; };
/* End PBXBuildFile section */

/* Begin PBXContainerItemProxy section */
		B29ED0F51A94E2D7005ABADC /* PBXContainerItemProxy */ = {
			isa = PBXContainerItemProxy;
			containerPortal = B29ED0D41A94E2D6005ABADC /* Project object */;
			proxyType = 1;
			remoteGlobalIDString = B29ED0DB1A94E2D7005ABADC;
			remoteInfo = Pivotal;
		};
/* End PBXContainerItemProxy section */

/* Begin PBXFileReference section */
		B29ED0DC1A94E2D7005ABADC /* Pivotal.app */ = {isa = PBXFileReference; explicitFileType = wrapper.application; includeInIndex = 0; path = Pivotal.app; sourceTree = BUILT_PRODUCTS_DIR; };
		B29ED0E01A94E2D7005ABADC /* Info.plist */ = {isa = PBXFileReference; lastKnownFileType = text.plist.xml; path = Info.plist; sourceTree = "<group>"; };
		B29ED0E11A94E2D7005ABADC /* AppDelegate.swift */ = {isa = PBXFileReference; lastKnownFileType = sourcecode.swift; path = AppDelegate.swift; sourceTree = "<group>"; };
		B29ED0E41A94E2D7005ABADC /* Pivotal.xcdatamodel */ = {isa = PBXFileReference; lastKnownFileType = wrapper.xcdatamodel; path = Pivotal.xcdatamodel; sourceTree = "<group>"; };
		B29ED0E61A94E2D7005ABADC /* ViewController.swift */ = {isa = PBXFileReference; lastKnownFileType = sourcecode.swift; path = ViewController.swift; sourceTree = "<group>"; };
		B29ED0E91A94E2D7005ABADC /* Base */ = {isa = PBXFileReference; lastKnownFileType = file.storyboard; name = Base; path = Base.lproj/Main.storyboard; sourceTree = "<group>"; };
		B29ED0EB1A94E2D7005ABADC /* Images.xcassets */ = {isa = PBXFileReference; lastKnownFileType = folder.assetcatalog; path = Images.xcassets; sourceTree = "<group>"; };
		B29ED0EE1A94E2D7005ABADC /* Base */ = {isa = PBXFileReference; lastKnownFileType = file.xib; name = Base; path = Base.lproj/LaunchScreen.xib; sourceTree = "<group>"; };
		B29ED0F41A94E2D7005ABADC /* PivotalTests.xctest */ = {isa = PBXFileReference; explicitFileType = wrapper.cfbundle; includeInIndex = 0; path = PivotalTests.xctest; sourceTree = BUILT_PRODUCTS_DIR; };
		B29ED0F91A94E2D7005ABADC /* Info.plist */ = {isa = PBXFileReference; lastKnownFileType = text.plist.xml; path = Info.plist; sourceTree = "<group>"; };
		B29ED0FA1A94E2D7005ABADC /* PivotalTests.swift */ = {isa = PBXFileReference; lastKnownFileType = sourcecode.swift; path = PivotalTests.swift; sourceTree = "<group>"; };
/* End PBXFileReference section */

/* Begin PBXFrameworksBuildPhase section */
		B29ED0D91A94E2D7005ABADC /* Frameworks */ = {
			isa = PBXFrameworksBuildPhase;
			buildActionMask = 2147483647;
			files = (
			);
			runOnlyForDeploymentPostprocessing = 0;
		};
		B29ED0F11A94E2D7005ABADC /* Frameworks */ = {
			isa = PBXFrameworksBuildPhase;
			buildActionMask = 2147483647;
			files = (
			);
			runOnlyForDeploymentPostprocessing = 0;
		};
/* End PBXFrameworksBuildPhase section */

/* Begin PBXGroup section */
		B29ED0D31A94E2D6005ABADC = {
			isa = PBXGroup;
			children = (
				B29ED0DE1A94E2D7005ABADC /* Pivotal */,
				B29ED0F71A94E2D7005ABADC /* PivotalTests */,
				B29ED0DD1A94E2D7005ABADC /* Products */,
			);
			sourceTree = "<group>";
		};
		B29ED0DD1A94E2D7005ABADC /* Products */ = {
			isa = PBXGroup;
			children = (
				B29ED0DC1A94E2D7005ABADC /* Pivotal.app */,
				B29ED0F41A94E2D7005ABADC /* PivotalTests.xctest */,
			);
			name = Products;
			sourceTree = "<group>";
		};
		B29ED0DE1A94E2D7005ABADC /* Pivotal */ = {
			isa = PBXGroup;
			children = (
				B29ED0E11A94E2D7005ABADC /* AppDelegate.swift */,
				B29ED0E61A94E2D7005ABADC /* ViewController.swift */,
				B29ED0E81A94E2D7005ABADC /* Main.storyboard */,
				B29ED0EB1A94E2D7005ABADC /* Images.xcassets */,
				B29ED0ED1A94E2D7005ABADC /* LaunchScreen.xib */,
				B29ED0E31A94E2D7005ABADC /* Pivotal.xcdatamodeld */,
				B29ED0DF1A94E2D7005ABADC /* Supporting Files */,
			);
			path = Pivotal;
			sourceTree = "<group>";
		};
		B29ED0DF1A94E2D7005ABADC /* Supporting Files */ = {
			isa = PBXGroup;
			children = (
				B29ED0E01A94E2D7005ABADC /* Info.plist */,
			);
			name = "Supporting Files";
			sourceTree = "<group>";
		};
		B29ED0F71A94E2D7005ABADC /* PivotalTests */ = {
			isa = PBXGroup;
			children = (
				B29ED0FA1A94E2D7005ABADC /* PivotalTests.swift */,
				B29ED0F81A94E2D7005ABADC /* Supporting Files */,
			);
			path = PivotalTests;
			sourceTree = "<group>";
		};
		B29ED0F81A94E2D7005ABADC /* Supporting Files */ = {
			isa = PBXGroup;
			children = (
				B29ED0F91A94E2D7005ABADC /* Info.plist */,
			);
			name = "Supporting Files";
			sourceTree = "<group>";
		};
/* End PBXGroup section */

/* Begin PBXNativeTarget section */
		B29ED0DB1A94E2D7005ABADC /* Pivotal */ = {
			isa = PBXNativeTarget;
			buildConfigurationList = B29ED0FE1A94E2D7005ABADC /* Build configuration list for PBXNativeTarget "Pivotal" */;
			buildPhases = (
				B29ED0D81A94E2D7005ABADC /* Sources */,
				B29ED0D91A94E2D7005ABADC /* Frameworks */,
				B29ED0DA1A94E2D7005ABADC /* Resources */,
			);
			buildRules = (
			);
			dependencies = (
			);
			name = Pivotal;
			productName = Pivotal;
			productReference = B29ED0DC1A94E2D7005ABADC /* Pivotal.app */;
			productType = "com.apple.product-type.application";
		};
		B29ED0F31A94E2D7005ABADC /* PivotalTests */ = {
			isa = PBXNativeTarget;
			buildConfigurationList = B29ED1011A94E2D7005ABADC /* Build configuration list for PBXNativeTarget "PivotalTests" */;
			buildPhases = (
				B29ED0F01A94E2D7005ABADC /* Sources */,
				B29ED0F11A94E2D7005ABADC /* Frameworks */,
				B29ED0F21A94E2D7005ABADC /* Resources */,
			);
			buildRules = (
			);
			dependencies = (
				B29ED0F61A94E2D7005ABADC /* PBXTargetDependency */,
			);
			name = PivotalTests;
			productName = PivotalTests;
			productReference = B29ED0F41A94E2D7005ABADC /* PivotalTests.xctest */;
			productType = "com.apple.product-type.bundle.unit-test";
		};
/* End PBXNativeTarget section */

/* Begin PBXProject section */
		B29ED0D41A94E2D6005ABADC /* Project object */ = {
			isa = PBXProject;
			attributes = {
				LastUpgradeCheck = 0610;
				ORGANIZATIONNAME = "G Mulitz";
				TargetAttributes = {
					B29ED0DB1A94E2D7005ABADC = {
						CreatedOnToolsVersion = 6.1.1;
					};
					B29ED0F31A94E2D7005ABADC = {
						CreatedOnToolsVersion = 6.1.1;
						TestTargetID = B29ED0DB1A94E2D7005ABADC;
					};
				};
			};
			buildConfigurationList = B29ED0D71A94E2D6005ABADC /* Build configuration list for PBXProject "Pivotal" */;
			compatibilityVersion = "Xcode 3.2";
			developmentRegion = English;
			hasScannedForEncodings = 0;
			knownRegions = (
				en,
				Base,
			);
			mainGroup = B29ED0D31A94E2D6005ABADC;
			productRefGroup = B29ED0DD1A94E2D7005ABADC /* Products */;
			projectDirPath = "";
			projectRoot = "";
			targets = (
				B29ED0DB1A94E2D7005ABADC /* Pivotal */,
				B29ED0F31A94E2D7005ABADC /* PivotalTests */,
			);
		};
/* End PBXProject section */

/* Begin PBXResourcesBuildPhase section */
		B29ED0DA1A94E2D7005ABADC /* Resources */ = {
			isa = PBXResourcesBuildPhase;
			buildActionMask = 2147483647;
			files = (
				B29ED0EA1A94E2D7005ABADC /* Main.storyboard in Resources */,
				B29ED0EF1A94E2D7005ABADC /* LaunchScreen.xib in Resources */,
				B29ED0EC1A94E2D7005ABADC /* Images.xcassets in Resources */,
			);
			runOnlyForDeploymentPostprocessing = 0;
		};
		B29ED0F21A94E2D7005ABADC /* Resources */ = {
			isa = PBXResourcesBuildPhase;
			buildActionMask = 2147483647;
			files = (
			);
			runOnlyForDeploymentPostprocessing = 0;
		};
/* End PBXResourcesBuildPhase section */

/* Begin PBXSourcesBuildPhase section */
		B29ED0D81A94E2D7005ABADC /* Sources */ = {
			isa = PBXSourcesBuildPhase;
			buildActionMask = 2147483647;
			files = (
				B29ED0E71A94E2D7005ABADC /* ViewController.swift in Sources */,
				B29ED0E21A94E2D7005ABADC /* AppDelegate.swift in Sources */,
				B29ED0E51A94E2D7005ABADC /* Pivotal.xcdatamodeld in Sources */,
			);
			runOnlyForDeploymentPostprocessing = 0;
		};
		B29ED0F01A94E2D7005ABADC /* Sources */ = {
			isa = PBXSourcesBuildPhase;
			buildActionMask = 2147483647;
			files = (
				B29ED0FB1A94E2D7005ABADC /* PivotalTests.swift in Sources */,
			);
			runOnlyForDeploymentPostprocessing = 0;
		};
/* End PBXSourcesBuildPhase section */

/* Begin PBXTargetDependency section */
		B29ED0F61A94E2D7005ABADC /* PBXTargetDependency */ = {
			isa = PBXTargetDependency;
			target = B29ED0DB1A94E2D7005ABADC /* Pivotal */;
			targetProxy = B29ED0F51A94E2D7005ABADC /* PBXContainerItemProxy */;
		};
/* End PBXTargetDependency section */

/* Begin PBXVariantGroup section */
		B29ED0E81A94E2D7005ABADC /* Main.storyboard */ = {
			isa = PBXVariantGroup;
			children = (
				B29ED0E91A94E2D7005ABADC /* Base */,
			);
			name = Main.storyboard;
			sourceTree = "<group>";
		};
		B29ED0ED1A94E2D7005ABADC /* LaunchScreen.xib */ = {
			isa = PBXVariantGroup;
			children = (
				B29ED0EE1A94E2D7005ABADC /* Base */,
			);
			name = LaunchScreen.xib;
			sourceTree = "<group>";
		};
/* End PBXVariantGroup section */

/* Begin XCBuildConfiguration section */
		B29ED0FC1A94E2D7005ABADC /* Debug */ = {
			isa = XCBuildConfiguration;
			buildSettings = {
				ALWAYS_SEARCH_USER_PATHS = NO;
				CLANG_CXX_LANGUAGE_STANDARD = "gnu++0x";
				CLANG_CXX_LIBRARY = "libc++";
				CLANG_ENABLE_MODULES = YES;
				CLANG_ENABLE_OBJC_ARC = YES;
				CLANG_WARN_BOOL_CONVERSION = YES;
				CLANG_WARN_CONSTANT_CONVERSION = YES;
				CLANG_WARN_DIRECT_OBJC_ISA_USAGE = YES_ERROR;
				CLANG_WARN_EMPTY_BODY = YES;
				CLANG_WARN_ENUM_CONVERSION = YES;
				CLANG_WARN_INT_CONVERSION = YES;
				CLANG_WARN_OBJC_ROOT_CLASS = YES_ERROR;
				CLANG_WARN_UNREACHABLE_CODE = YES;
				CLANG_WARN__DUPLICATE_METHOD_MATCH = YES;
				"CODE_SIGN_IDENTITY[sdk=iphoneos*]" = "iPhone Developer";
				COPY_PHASE_STRIP = NO;
				ENABLE_STRICT_OBJC_MSGSEND = YES;
				GCC_C_LANGUAGE_STANDARD = gnu99;
				GCC_DYNAMIC_NO_PIC = NO;
				GCC_OPTIMIZATION_LEVEL = 0;
				GCC_PREPROCESSOR_DEFINITIONS = (
					"DEBUG=1",
					"$(inherited)",
				);
				GCC_SYMBOLS_PRIVATE_EXTERN = NO;
				GCC_WARN_64_TO_32_BIT_CONVERSION = YES;
				GCC_WARN_ABOUT_RETURN_TYPE = YES_ERROR;
				GCC_WARN_UNDECLARED_SELECTOR = YES;
				GCC_WARN_UNINITIALIZED_AUTOS = YES_AGGRESSIVE;
				GCC_WARN_UNUSED_FUNCTION = YES;
				GCC_WARN_UNUSED_VARIABLE = YES;
				IPHONEOS_DEPLOYMENT_TARGET = 8.1;
				MTL_ENABLE_DEBUG_INFO = YES;
				ONLY_ACTIVE_ARCH = YES;
				SDKROOT = iphoneos;
				SWIFT_OPTIMIZATION_LEVEL = "-Onone";
			};
			name = Debug;
		};
		B29ED0FD1A94E2D7005ABADC /* Release */ = {
			isa = XCBuildConfiguration;
			buildSettings = {
				ALWAYS_SEARCH_USER_PATHS = NO;
				CLANG_CXX_LANGUAGE_STANDARD = "gnu++0x";
				CLANG_CXX_LIBRARY = "libc++";
				CLANG_ENABLE_MODULES = YES;
				CLANG_ENABLE_OBJC_ARC = YES;
				CLANG_WARN_BOOL_CONVERSION = YES;
				CLANG_WARN_CONSTANT_CONVERSION = YES;
				CLANG_WARN_DIRECT_OBJC_ISA_USAGE = YES_ERROR;
				CLANG_WARN_EMPTY_BODY = YES;
				CLANG_WARN_ENUM_CONVERSION = YES;
				CLANG_WARN_INT_CONVERSION = YES;
				CLANG_WARN_OBJC_ROOT_CLASS = YES_ERROR;
				CLANG_WARN_UNREACHABLE_CODE = YES;
				CLANG_WARN__DUPLICATE_METHOD_MATCH = YES;
				"CODE_SIGN_IDENTITY[sdk=iphoneos*]" = "iPhone Developer";
				COPY_PHASE_STRIP = YES;
				ENABLE_NS_ASSERTIONS = NO;
				ENABLE_STRICT_OBJC_MSGSEND = YES;
				GCC_C_LANGUAGE_STANDARD = gnu99;
				GCC_WARN_64_TO_32_BIT_CONVERSION = YES;
				GCC_WARN_ABOUT_RETURN_TYPE = YES_ERROR;
				GCC_WARN_UNDECLARED_SELECTOR = YES;
				GCC_WARN_UNINITIALIZED_AUTOS = YES_AGGRESSIVE;
				GCC_WARN_UNUSED_FUNCTION = YES;
				GCC_WARN_UNUSED_VARIABLE = YES;
				IPHONEOS_DEPLOYMENT_TARGET = 8.1;
				MTL_ENABLE_DEBUG_INFO = NO;
				SDKROOT = iphoneos;
				VALIDATE_PRODUCT = YES;
			};
			name = Release;
		};
		B29ED0FF1A94E2D7005ABADC /* Debug */ = {
			isa = XCBuildConfiguration;
			buildSettings = {
				ASSETCATALOG_COMPILER_APPICON_NAME = AppIcon;
				INFOPLIST_FILE = Pivotal/Info.plist;
				LD_RUNPATH_SEARCH_PATHS = "$(inherited) @executable_path/Frameworks";
				PRODUCT_NAME = "$(TARGET_NAME)";
			};
			name = Debug;
		};
		B29ED1001A94E2D7005ABADC /* Release */ = {
			isa = XCBuildConfiguration;
			buildSettings = {
				ASSETCATALOG_COMPILER_APPICON_NAME = AppIcon;
				INFOPLIST_FILE = Pivotal/Info.plist;
				LD_RUNPATH_SEARCH_PATHS = "$(inherited) @executable_path/Frameworks";
				PRODUCT_NAME = "$(TARGET_NAME)";
			};
			name = Release;
		};
		B29ED1021A94E2D7005ABADC /* Debug */ = {
			isa = XCBuildConfiguration;
			buildSettings = {
				BUNDLE_LOADER = "$(TEST_HOST)";
				FRAMEWORK_SEARCH_PATHS = (
					"$(SDKROOT)/Developer/Library/Frameworks",
					"$(inherited)",
				);
				GCC_PREPROCESSOR_DEFINITIONS = (
					"DEBUG=1",
					"$(inherited)",
				);
				INFOPLIST_FILE = PivotalTests/Info.plist;
				LD_RUNPATH_SEARCH_PATHS = "$(inherited) @executable_path/Frameworks @loader_path/Frameworks";
				PRODUCT_NAME = "$(TARGET_NAME)";
				TEST_HOST = "$(BUILT_PRODUCTS_DIR)/Pivotal.app/Pivotal";
			};
			name = Debug;
		};
		B29ED1031A94E2D7005ABADC /* Release */ = {
			isa = XCBuildConfiguration;
			buildSettings = {
				BUNDLE_LOADER = "$(TEST_HOST)";
				FRAMEWORK_SEARCH_PATHS = (
					"$(SDKROOT)/Developer/Library/Frameworks",
					"$(inherited)",
				);
				INFOPLIST_FILE = PivotalTests/Info.plist;
				LD_RUNPATH_SEARCH_PATHS = "$(inherited) @executable_path/Frameworks @loader_path/Frameworks";
				PRODUCT_NAME = "$(TARGET_NAME)";
				TEST_HOST = "$(BUILT_PRODUCTS_DIR)/Pivotal.app/Pivotal";
			};
			name = Release;
		};
/* End XCBuildConfiguration section */

/* Begin XCConfigurationList section */
		B29ED0D71A94E2D6005ABADC /* Build configuration list for PBXProject "Pivotal" */ = {
			isa = XCConfigurationList;
			buildConfigurations = (
				B29ED0FC1A94E2D7005ABADC /* Debug */,
				B29ED0FD1A94E2D7005ABADC /* Release */,
			);
			defaultConfigurationIsVisible = 0;
			defaultConfigurationName = Release;
		};
		B29ED0FE1A94E2D7005ABADC /* Build configuration list for PBXNativeTarget "Pivotal" */ = {
			isa = XCConfigurationList;
			buildConfigurations = (
				B29ED0FF1A94E2D7005ABADC /* Debug */,
				B29ED1001A94E2D7005ABADC /* Release */,
			);
			defaultConfigurationIsVisible = 0;
		};
		B29ED1011A94E2D7005ABADC /* Build configuration list for PBXNativeTarget "PivotalTests" */ = {
			isa = XCConfigurationList;
			buildConfigurations = (
				B29ED1021A94E2D7005ABADC /* Debug */,
				B29ED1031A94E2D7005ABADC /* Release */,
			);
			defaultConfigurationIsVisible = 0;
		};
/* End XCConfigurationList section */

/* Begin XCVersionGroup section */
		B29ED0E31A94E2D7005ABADC /* Pivotal.xcdatamodeld */ = {
			isa = XCVersionGroup;
			children = (
				B29ED0E41A94E2D7005ABADC /* Pivotal.xcdatamodel */,
			);
			currentVersion = B29ED0E41A94E2D7005ABADC /* Pivotal.xcdatamodel */;
			path = Pivotal.xcdatamodeld;
			sourceTree = "<group>";
			versionGroupType = wrapper.xcdatamodel;
		};
/* End XCVersionGroup section */
	};
	rootObject = B29ED0D41A94E2D6005ABADC /* Project object */;
}
